// !$*UTF8*$!
{
	archiveVersion = 1;
	classes = {
	};
	objectVersion = 56;
	objects = {

/* Begin PBXBuildFile section */
		7B04C83D29B90DE80037361F /* AppDelegate.swift in Sources */ = {isa = PBXBuildFile; fileRef = 7B04C83C29B90DE80037361F /* AppDelegate.swift */; };
		7B04C83F29B90DE80037361F /* SceneDelegate.swift in Sources */ = {isa = PBXBuildFile; fileRef = 7B04C83E29B90DE80037361F /* SceneDelegate.swift */; };
		7B04C84429B90DE80037361F /* Main.storyboard in Resources */ = {isa = PBXBuildFile; fileRef = 7B04C84229B90DE80037361F /* Main.storyboard */; };
		7B04C84629B90DE90037361F /* Assets.xcassets in Resources */ = {isa = PBXBuildFile; fileRef = 7B04C84529B90DE90037361F /* Assets.xcassets */; };
		7B04C84929B90DE90037361F /* LaunchScreen.storyboard in Resources */ = {isa = PBXBuildFile; fileRef = 7B04C84729B90DE90037361F /* LaunchScreen.storyboard */; };
		7B04C85529B90E960037361F /* RegistirationModel.swift in Sources */ = {isa = PBXBuildFile; fileRef = 7B04C85429B90E960037361F /* RegistirationModel.swift */; };
		7B04C85729B90EAF0037361F /* RoomTypeModel.swift in Sources */ = {isa = PBXBuildFile; fileRef = 7B04C85629B90EAF0037361F /* RoomTypeModel.swift */; };
		7B04C85929B90F900037361F /* AddRegistirationTableViewController.swift in Sources */ = {isa = PBXBuildFile; fileRef = 7B04C85829B90F900037361F /* AddRegistirationTableViewController.swift */; };
		7B0D0DC529BE9D8D00CEA9AD /* PlaceAnnotation.swift in Sources */ = {isa = PBXBuildFile; fileRef = 7B0D0DC429BE9D8D00CEA9AD /* PlaceAnnotation.swift */; };
		7B0D0DC829BE9F3B00CEA9AD /* CLLocationExtensions.swift in Sources */ = {isa = PBXBuildFile; fileRef = 7B0D0DC729BE9F3B00CEA9AD /* CLLocationExtensions.swift */; };
		7B87E5EB29BA177A0005C96C /* RegistirationsTableViewController.swift in Sources */ = {isa = PBXBuildFile; fileRef = 7B87E5EA29BA177A0005C96C /* RegistirationsTableViewController.swift */; };
		7B87E5ED29BA279A0005C96C /* CustomerDetailTableViewController.swift in Sources */ = {isa = PBXBuildFile; fileRef = 7B87E5EC29BA279A0005C96C /* CustomerDetailTableViewController.swift */; };
		7BAC71E029BC07A200BDCF79 /* MapViewController.swift in Sources */ = {isa = PBXBuildFile; fileRef = 7BAC71DF29BC07A200BDCF79 /* MapViewController.swift */; };
		7BCA594D29BB61CF0028638C /* ExploreViewController.swift in Sources */ = {isa = PBXBuildFile; fileRef = 7BCA594C29BB61CF0028638C /* ExploreViewController.swift */; };
		7BCA594F29BBA56C0028638C /* HotelPromotionCollectionViewCell.swift in Sources */ = {isa = PBXBuildFile; fileRef = 7BCA594E29BBA56C0028638C /* HotelPromotionCollectionViewCell.swift */; };
		7BCA595329BBF1270028638C /* RoomDetailViewController.swift in Sources */ = {isa = PBXBuildFile; fileRef = 7BCA595229BBF1270028638C /* RoomDetailViewController.swift */; };
		7BE3062729B96E8C00E76AB7 /* SelectRoomTypeTableViewController.swift in Sources */ = {isa = PBXBuildFile; fileRef = 7BE3062629B96E8C00E76AB7 /* SelectRoomTypeTableViewController.swift */; };
/* End PBXBuildFile section */

/* Begin PBXFileReference section */
		7B04C83929B90DE80037361F /* Hotel-Izmir.app */ = {isa = PBXFileReference; explicitFileType = wrapper.application; includeInIndex = 0; path = "Hotel-Izmir.app"; sourceTree = BUILT_PRODUCTS_DIR; };
		7B04C83C29B90DE80037361F /* AppDelegate.swift */ = {isa = PBXFileReference; lastKnownFileType = sourcecode.swift; path = AppDelegate.swift; sourceTree = "<group>"; };
		7B04C83E29B90DE80037361F /* SceneDelegate.swift */ = {isa = PBXFileReference; lastKnownFileType = sourcecode.swift; path = SceneDelegate.swift; sourceTree = "<group>"; };
		7B04C84329B90DE80037361F /* Base */ = {isa = PBXFileReference; lastKnownFileType = file.storyboard; name = Base; path = Base.lproj/Main.storyboard; sourceTree = "<group>"; };
		7B04C84529B90DE90037361F /* Assets.xcassets */ = {isa = PBXFileReference; lastKnownFileType = folder.assetcatalog; path = Assets.xcassets; sourceTree = "<group>"; };
		7B04C84829B90DE90037361F /* Base */ = {isa = PBXFileReference; lastKnownFileType = file.storyboard; name = Base; path = Base.lproj/LaunchScreen.storyboard; sourceTree = "<group>"; };
		7B04C84A29B90DE90037361F /* Info.plist */ = {isa = PBXFileReference; lastKnownFileType = text.plist.xml; path = Info.plist; sourceTree = "<group>"; };
		7B04C85429B90E960037361F /* RegistirationModel.swift */ = {isa = PBXFileReference; lastKnownFileType = sourcecode.swift; path = RegistirationModel.swift; sourceTree = "<group>"; };
		7B04C85629B90EAF0037361F /* RoomTypeModel.swift */ = {isa = PBXFileReference; lastKnownFileType = sourcecode.swift; path = RoomTypeModel.swift; sourceTree = "<group>"; };
		7B04C85829B90F900037361F /* AddRegistirationTableViewController.swift */ = {isa = PBXFileReference; lastKnownFileType = sourcecode.swift; path = AddRegistirationTableViewController.swift; sourceTree = "<group>"; };
		7B0D0DC429BE9D8D00CEA9AD /* PlaceAnnotation.swift */ = {isa = PBXFileReference; lastKnownFileType = sourcecode.swift; path = PlaceAnnotation.swift; sourceTree = "<group>"; };
		7B0D0DC729BE9F3B00CEA9AD /* CLLocationExtensions.swift */ = {isa = PBXFileReference; lastKnownFileType = sourcecode.swift; path = CLLocationExtensions.swift; sourceTree = "<group>"; };
		7B87E5EA29BA177A0005C96C /* RegistirationsTableViewController.swift */ = {isa = PBXFileReference; lastKnownFileType = sourcecode.swift; path = RegistirationsTableViewController.swift; sourceTree = "<group>"; };
		7B87E5EC29BA279A0005C96C /* CustomerDetailTableViewController.swift */ = {isa = PBXFileReference; lastKnownFileType = sourcecode.swift; path = CustomerDetailTableViewController.swift; sourceTree = "<group>"; };
		7BAC71DF29BC07A200BDCF79 /* MapViewController.swift */ = {isa = PBXFileReference; lastKnownFileType = sourcecode.swift; path = MapViewController.swift; sourceTree = "<group>"; };
		7BCA594C29BB61CF0028638C /* ExploreViewController.swift */ = {isa = PBXFileReference; lastKnownFileType = sourcecode.swift; path = ExploreViewController.swift; sourceTree = "<group>"; };
		7BCA594E29BBA56C0028638C /* HotelPromotionCollectionViewCell.swift */ = {isa = PBXFileReference; lastKnownFileType = sourcecode.swift; path = HotelPromotionCollectionViewCell.swift; sourceTree = "<group>"; };
		7BCA595229BBF1270028638C /* RoomDetailViewController.swift */ = {isa = PBXFileReference; lastKnownFileType = sourcecode.swift; path = RoomDetailViewController.swift; sourceTree = "<group>"; };
		7BE3062629B96E8C00E76AB7 /* SelectRoomTypeTableViewController.swift */ = {isa = PBXFileReference; lastKnownFileType = sourcecode.swift; path = SelectRoomTypeTableViewController.swift; sourceTree = "<group>"; };
/* End PBXFileReference section */

/* Begin PBXFrameworksBuildPhase section */
		7B04C83629B90DE80037361F /* Frameworks */ = {
			isa = PBXFrameworksBuildPhase;
			buildActionMask = 2147483647;
			files = (
			);
			runOnlyForDeploymentPostprocessing = 0;
		};
/* End PBXFrameworksBuildPhase section */

/* Begin PBXGroup section */
		7B04C83029B90DE70037361F = {
			isa = PBXGroup;
			children = (
				7B04C83B29B90DE80037361F /* Hotel-Izmir */,
				7B04C83A29B90DE80037361F /* Products */,
			);
			sourceTree = "<group>";
		};
		7B04C83A29B90DE80037361F /* Products */ = {
			isa = PBXGroup;
			children = (
				7B04C83929B90DE80037361F /* Hotel-Izmir.app */,
			);
			name = Products;
			sourceTree = "<group>";
		};
		7B04C83B29B90DE80037361F /* Hotel-Izmir */ = {
			isa = PBXGroup;
			children = (
				7B04C85329B90E710037361F /* Model */,
				7B04C85229B90E0B0037361F /* View */,
				7B04C85029B90DFB0037361F /* Controller */,
				7B0D0DC229BE9D6300CEA9AD /* Annotation */,
				7B0D0DC629BE9F1E00CEA9AD /* Extensions */,
				7B0D0DC329BE9D7300CEA9AD /* SystemFolders */,
				7B04C84229B90DE80037361F /* Main.storyboard */,
				7B04C84529B90DE90037361F /* Assets.xcassets */,
				7B04C84729B90DE90037361F /* LaunchScreen.storyboard */,
				7B04C84A29B90DE90037361F /* Info.plist */,
			);
			path = "Hotel-Izmir";
			sourceTree = "<group>";
		};
		7B04C85029B90DFB0037361F /* Controller */ = {
			isa = PBXGroup;
			children = (
				7BAC71DE29BC064000BDCF79 /* Map */,
				7BCA594B29BB61870028638C /* RoomDetail */,
				7BCA594929BB61630028638C /* Registiration */,
			);
			path = Controller;
			sourceTree = "<group>";
		};
		7B04C85229B90E0B0037361F /* View */ = {
			isa = PBXGroup;
			children = (
			);
			path = View;
			sourceTree = "<group>";
		};
		7B04C85329B90E710037361F /* Model */ = {
			isa = PBXGroup;
			children = (
				7B04C85429B90E960037361F /* RegistirationModel.swift */,
				7B04C85629B90EAF0037361F /* RoomTypeModel.swift */,
			);
			path = Model;
			sourceTree = "<group>";
		};
		7B0D0DC229BE9D6300CEA9AD /* Annotation */ = {
			isa = PBXGroup;
			children = (
				7B0D0DC429BE9D8D00CEA9AD /* PlaceAnnotation.swift */,
			);
			name = Annotation;
			sourceTree = "<group>";
		};
		7B0D0DC329BE9D7300CEA9AD /* SystemFolders */ = {
			isa = PBXGroup;
			children = (
				7B04C83E29B90DE80037361F /* SceneDelegate.swift */,
				7B04C83C29B90DE80037361F /* AppDelegate.swift */,
			);
			path = SystemFolders;
			sourceTree = "<group>";
		};
		7B0D0DC629BE9F1E00CEA9AD /* Extensions */ = {
			isa = PBXGroup;
			children = (
				7B0D0DC729BE9F3B00CEA9AD /* CLLocationExtensions.swift */,
			);
			name = Extensions;
			path = Controller;
			sourceTree = "<group>";
		};
		7BAC71DE29BC064000BDCF79 /* Map */ = {
			isa = PBXGroup;
			children = (
				7BAC71DF29BC07A200BDCF79 /* MapViewController.swift */,
			);
			name = Map;
			sourceTree = "<group>";
		};
		7BCA594929BB61630028638C /* Registiration */ = {
			isa = PBXGroup;
			children = (
				7B04C85829B90F900037361F /* AddRegistirationTableViewController.swift */,
				7BE3062629B96E8C00E76AB7 /* SelectRoomTypeTableViewController.swift */,
				7B87E5EA29BA177A0005C96C /* RegistirationsTableViewController.swift */,
				7B87E5EC29BA279A0005C96C /* CustomerDetailTableViewController.swift */,
			);
			name = Registiration;
			sourceTree = "<group>";
		};
		7BCA594B29BB61870028638C /* RoomDetail */ = {
			isa = PBXGroup;
			children = (
				7BCA594C29BB61CF0028638C /* ExploreViewController.swift */,
				7BCA594E29BBA56C0028638C /* HotelPromotionCollectionViewCell.swift */,
				7BCA595229BBF1270028638C /* RoomDetailViewController.swift */,
			);
			name = RoomDetail;
			sourceTree = "<group>";
		};
/* End PBXGroup section */

/* Begin PBXNativeTarget section */
		7B04C83829B90DE80037361F /* Hotel-Izmir */ = {
			isa = PBXNativeTarget;
			buildConfigurationList = 7B04C84D29B90DE90037361F /* Build configuration list for PBXNativeTarget "Hotel-Izmir" */;
			buildPhases = (
				7B04C83529B90DE80037361F /* Sources */,
				7B04C83629B90DE80037361F /* Frameworks */,
				7B04C83729B90DE80037361F /* Resources */,
			);
			buildRules = (
			);
			dependencies = (
			);
			name = "Hotel-Izmir";
			productName = "Hotel-Izmir";
			productReference = 7B04C83929B90DE80037361F /* Hotel-Izmir.app */;
			productType = "com.apple.product-type.application";
		};
/* End PBXNativeTarget section */

/* Begin PBXProject section */
		7B04C83129B90DE70037361F /* Project object */ = {
			isa = PBXProject;
			attributes = {
				BuildIndependentTargetsInParallel = 1;
				LastSwiftUpdateCheck = 1400;
				LastUpgradeCheck = 1400;
				TargetAttributes = {
					7B04C83829B90DE80037361F = {
						CreatedOnToolsVersion = 14.0;
					};
				};
			};
			buildConfigurationList = 7B04C83429B90DE70037361F /* Build configuration list for PBXProject "Hotel-Izmir" */;
			compatibilityVersion = "Xcode 14.0";
			developmentRegion = en;
			hasScannedForEncodings = 0;
			knownRegions = (
				en,
				Base,
			);
			mainGroup = 7B04C83029B90DE70037361F;
			productRefGroup = 7B04C83A29B90DE80037361F /* Products */;
			projectDirPath = "";
			projectRoot = "";
			targets = (
				7B04C83829B90DE80037361F /* Hotel-Izmir */,
			);
		};
/* End PBXProject section */

/* Begin PBXResourcesBuildPhase section */
		7B04C83729B90DE80037361F /* Resources */ = {
			isa = PBXResourcesBuildPhase;
			buildActionMask = 2147483647;
			files = (
				7B04C84929B90DE90037361F /* LaunchScreen.storyboard in Resources */,
				7B04C84629B90DE90037361F /* Assets.xcassets in Resources */,
				7B04C84429B90DE80037361F /* Main.storyboard in Resources */,
			);
			runOnlyForDeploymentPostprocessing = 0;
		};
/* End PBXResourcesBuildPhase section */

/* Begin PBXSourcesBuildPhase section */
		7B04C83529B90DE80037361F /* Sources */ = {
			isa = PBXSourcesBuildPhase;
			buildActionMask = 2147483647;
			files = (
				7BE3062729B96E8C00E76AB7 /* SelectRoomTypeTableViewController.swift in Sources */,
				7B87E5EB29BA177A0005C96C /* RegistirationsTableViewController.swift in Sources */,
				7B04C83D29B90DE80037361F /* AppDelegate.swift in Sources */,
				7B04C85529B90E960037361F /* RegistirationModel.swift in Sources */,
				7B0D0DC529BE9D8D00CEA9AD /* PlaceAnnotation.swift in Sources */,
				7B04C85729B90EAF0037361F /* RoomTypeModel.swift in Sources */,
				7BCA595329BBF1270028638C /* RoomDetailViewController.swift in Sources */,
				7BCA594D29BB61CF0028638C /* ExploreViewController.swift in Sources */,
				7BAC71E029BC07A200BDCF79 /* MapViewController.swift in Sources */,
				7B04C83F29B90DE80037361F /* SceneDelegate.swift in Sources */,
				7B87E5ED29BA279A0005C96C /* CustomerDetailTableViewController.swift in Sources */,
				7B0D0DC829BE9F3B00CEA9AD /* CLLocationExtensions.swift in Sources */,
				7B04C85929B90F900037361F /* AddRegistirationTableViewController.swift in Sources */,
				7BCA594F29BBA56C0028638C /* HotelPromotionCollectionViewCell.swift in Sources */,
			);
			runOnlyForDeploymentPostprocessing = 0;
		};
/* End PBXSourcesBuildPhase section */

/* Begin PBXVariantGroup section */
		7B04C84229B90DE80037361F /* Main.storyboard */ = {
			isa = PBXVariantGroup;
			children = (
				7B04C84329B90DE80037361F /* Base */,
			);
			name = Main.storyboard;
			sourceTree = "<group>";
		};
		7B04C84729B90DE90037361F /* LaunchScreen.storyboard */ = {
			isa = PBXVariantGroup;
			children = (
				7B04C84829B90DE90037361F /* Base */,
			);
			name = LaunchScreen.storyboard;
			sourceTree = "<group>";
		};
/* End PBXVariantGroup section */

/* Begin XCBuildConfiguration section */
		7B04C84B29B90DE90037361F /* Debug */ = {
			isa = XCBuildConfiguration;
			buildSettings = {
				ALWAYS_SEARCH_USER_PATHS = NO;
				CLANG_ANALYZER_NONNULL = YES;
				CLANG_ANALYZER_NUMBER_OBJECT_CONVERSION = YES_AGGRESSIVE;
				CLANG_CXX_LANGUAGE_STANDARD = "gnu++20";
				CLANG_ENABLE_MODULES = YES;
				CLANG_ENABLE_OBJC_ARC = YES;
				CLANG_ENABLE_OBJC_WEAK = YES;
				CLANG_WARN_BLOCK_CAPTURE_AUTORELEASING = YES;
				CLANG_WARN_BOOL_CONVERSION = YES;
				CLANG_WARN_COMMA = YES;
				CLANG_WARN_CONSTANT_CONVERSION = YES;
				CLANG_WARN_DEPRECATED_OBJC_IMPLEMENTATIONS = YES;
				CLANG_WARN_DIRECT_OBJC_ISA_USAGE = YES_ERROR;
				CLANG_WARN_DOCUMENTATION_COMMENTS = YES;
				CLANG_WARN_EMPTY_BODY = YES;
				CLANG_WARN_ENUM_CONVERSION = YES;
				CLANG_WARN_INFINITE_RECURSION = YES;
				CLANG_WARN_INT_CONVERSION = YES;
				CLANG_WARN_NON_LITERAL_NULL_CONVERSION = YES;
				CLANG_WARN_OBJC_IMPLICIT_RETAIN_SELF = YES;
				CLANG_WARN_OBJC_LITERAL_CONVERSION = YES;
				CLANG_WARN_OBJC_ROOT_CLASS = YES_ERROR;
				CLANG_WARN_QUOTED_INCLUDE_IN_FRAMEWORK_HEADER = YES;
				CLANG_WARN_RANGE_LOOP_ANALYSIS = YES;
				CLANG_WARN_STRICT_PROTOTYPES = YES;
				CLANG_WARN_SUSPICIOUS_MOVE = YES;
				CLANG_WARN_UNGUARDED_AVAILABILITY = YES_AGGRESSIVE;
				CLANG_WARN_UNREACHABLE_CODE = YES;
				CLANG_WARN__DUPLICATE_METHOD_MATCH = YES;
				COPY_PHASE_STRIP = NO;
				DEBUG_INFORMATION_FORMAT = dwarf;
				ENABLE_STRICT_OBJC_MSGSEND = YES;
				ENABLE_TESTABILITY = YES;
				GCC_C_LANGUAGE_STANDARD = gnu11;
				GCC_DYNAMIC_NO_PIC = NO;
				GCC_NO_COMMON_BLOCKS = YES;
				GCC_OPTIMIZATION_LEVEL = 0;
				GCC_PREPROCESSOR_DEFINITIONS = (
					"DEBUG=1",
					"$(inherited)",
				);
				GCC_WARN_64_TO_32_BIT_CONVERSION = YES;
				GCC_WARN_ABOUT_RETURN_TYPE = YES_ERROR;
				GCC_WARN_UNDECLARED_SELECTOR = YES;
				GCC_WARN_UNINITIALIZED_AUTOS = YES_AGGRESSIVE;
				GCC_WARN_UNUSED_FUNCTION = YES;
				GCC_WARN_UNUSED_VARIABLE = YES;
				IPHONEOS_DEPLOYMENT_TARGET = 16.0;
				MTL_ENABLE_DEBUG_INFO = INCLUDE_SOURCE;
				MTL_FAST_MATH = YES;
				ONLY_ACTIVE_ARCH = YES;
				SDKROOT = iphoneos;
				SWIFT_ACTIVE_COMPILATION_CONDITIONS = DEBUG;
				SWIFT_OPTIMIZATION_LEVEL = "-Onone";
			};
			name = Debug;
		};
		7B04C84C29B90DE90037361F /* Release */ = {
			isa = XCBuildConfiguration;
			buildSettings = {
				ALWAYS_SEARCH_USER_PATHS = NO;
				CLANG_ANALYZER_NONNULL = YES;
				CLANG_ANALYZER_NUMBER_OBJECT_CONVERSION = YES_AGGRESSIVE;
				CLANG_CXX_LANGUAGE_STANDARD = "gnu++20";
				CLANG_ENABLE_MODULES = YES;
				CLANG_ENABLE_OBJC_ARC = YES;
				CLANG_ENABLE_OBJC_WEAK = YES;
				CLANG_WARN_BLOCK_CAPTURE_AUTORELEASING = YES;
				CLANG_WARN_BOOL_CONVERSION = YES;
				CLANG_WARN_COMMA = YES;
				CLANG_WARN_CONSTANT_CONVERSION = YES;
				CLANG_WARN_DEPRECATED_OBJC_IMPLEMENTATIONS = YES;
				CLANG_WARN_DIRECT_OBJC_ISA_USAGE = YES_ERROR;
				CLANG_WARN_DOCUMENTATION_COMMENTS = YES;
				CLANG_WARN_EMPTY_BODY = YES;
				CLANG_WARN_ENUM_CONVERSION = YES;
				CLANG_WARN_INFINITE_RECURSION = YES;
				CLANG_WARN_INT_CONVERSION = YES;
				CLANG_WARN_NON_LITERAL_NULL_CONVERSION = YES;
				CLANG_WARN_OBJC_IMPLICIT_RETAIN_SELF = YES;
				CLANG_WARN_OBJC_LITERAL_CONVERSION = YES;
				CLANG_WARN_OBJC_ROOT_CLASS = YES_ERROR;
				CLANG_WARN_QUOTED_INCLUDE_IN_FRAMEWORK_HEADER = YES;
				CLANG_WARN_RANGE_LOOP_ANALYSIS = YES;
				CLANG_WARN_STRICT_PROTOTYPES = YES;
				CLANG_WARN_SUSPICIOUS_MOVE = YES;
				CLANG_WARN_UNGUARDED_AVAILABILITY = YES_AGGRESSIVE;
				CLANG_WARN_UNREACHABLE_CODE = YES;
				CLANG_WARN__DUPLICATE_METHOD_MATCH = YES;
				COPY_PHASE_STRIP = NO;
				DEBUG_INFORMATION_FORMAT = "dwarf-with-dsym";
				ENABLE_NS_ASSERTIONS = NO;
				ENABLE_STRICT_OBJC_MSGSEND = YES;
				GCC_C_LANGUAGE_STANDARD = gnu11;
				GCC_NO_COMMON_BLOCKS = YES;
				GCC_WARN_64_TO_32_BIT_CONVERSION = YES;
				GCC_WARN_ABOUT_RETURN_TYPE = YES_ERROR;
				GCC_WARN_UNDECLARED_SELECTOR = YES;
				GCC_WARN_UNINITIALIZED_AUTOS = YES_AGGRESSIVE;
				GCC_WARN_UNUSED_FUNCTION = YES;
				GCC_WARN_UNUSED_VARIABLE = YES;
				IPHONEOS_DEPLOYMENT_TARGET = 16.0;
				MTL_ENABLE_DEBUG_INFO = NO;
				MTL_FAST_MATH = YES;
				SDKROOT = iphoneos;
				SWIFT_COMPILATION_MODE = wholemodule;
				SWIFT_OPTIMIZATION_LEVEL = "-O";
				VALIDATE_PRODUCT = YES;
			};
			name = Release;
		};
		7B04C84E29B90DE90037361F /* Debug */ = {
			isa = XCBuildConfiguration;
			buildSettings = {
				ASSETCATALOG_COMPILER_APPICON_NAME = AppIcon;
				ASSETCATALOG_COMPILER_GLOBAL_ACCENT_COLOR_NAME = AccentColor;
				CODE_SIGN_STYLE = Automatic;
				CURRENT_PROJECT_VERSION = 1;
				DEVELOPMENT_TEAM = KTK732WRHB;
				GENERATE_INFOPLIST_FILE = YES;
				INFOPLIST_FILE = "Hotel-Izmir/Info.plist";
				INFOPLIST_KEY_NSLocationAlwaysAndWhenInUseUsageDescription = "Hotel Izmir Requires Location So It Can Show Closest Hotel Izmır Buildings.";
				INFOPLIST_KEY_NSLocationWhenInUseUsageDescription = "Hotel Izmir Requires Location So It Can Show Closest Hotel Izmır Buildings.";
				INFOPLIST_KEY_UIApplicationSupportsIndirectInputEvents = YES;
				INFOPLIST_KEY_UILaunchStoryboardName = LaunchScreen;
				INFOPLIST_KEY_UIMainStoryboardFile = Main;
				INFOPLIST_KEY_UISupportedInterfaceOrientations_iPad = "UIInterfaceOrientationPortrait UIInterfaceOrientationPortraitUpsideDown UIInterfaceOrientationLandscapeLeft UIInterfaceOrientationLandscapeRight";
				INFOPLIST_KEY_UISupportedInterfaceOrientations_iPhone = "UIInterfaceOrientationPortrait UIInterfaceOrientationLandscapeLeft UIInterfaceOrientationLandscapeRight";
				LD_RUNPATH_SEARCH_PATHS = (
					"$(inherited)",
					"@executable_path/Frameworks",
				);
				MARKETING_VERSION = 1.0;
				PRODUCT_BUNDLE_IDENTIFIER = "com.allymationes.Hotel-Izmir";
				PRODUCT_NAME = "$(TARGET_NAME)";
				SWIFT_EMIT_LOC_STRINGS = YES;
				SWIFT_VERSION = 5.0;
				TARGETED_DEVICE_FAMILY = "1,2";
			};
			name = Debug;
		};
		7B04C84F29B90DE90037361F /* Release */ = {
			isa = XCBuildConfiguration;
			buildSettings = {
				ASSETCATALOG_COMPILER_APPICON_NAME = AppIcon;
				ASSETCATALOG_COMPILER_GLOBAL_ACCENT_COLOR_NAME = AccentColor;
				CODE_SIGN_STYLE = Automatic;
				CURRENT_PROJECT_VERSION = 1;
				DEVELOPMENT_TEAM = KTK732WRHB;
				GENERATE_INFOPLIST_FILE = YES;
				INFOPLIST_FILE = "Hotel-Izmir/Info.plist";
				INFOPLIST_KEY_NSLocationAlwaysAndWhenInUseUsageDescription = "Hotel Izmir Requires Location So It Can Show Closest Hotel Izmır Buildings.";
				INFOPLIST_KEY_NSLocationWhenInUseUsageDescription = "Hotel Izmir Requires Location So It Can Show Closest Hotel Izmır Buildings.";
				INFOPLIST_KEY_UIApplicationSupportsIndirectInputEvents = YES;
				INFOPLIST_KEY_UILaunchStoryboardName = LaunchScreen;
				INFOPLIST_KEY_UIMainStoryboardFile = Main;
				INFOPLIST_KEY_UISupportedInterfaceOrientations_iPad = "UIInterfaceOrientationPortrait UIInterfaceOrientationPortraitUpsideDown UIInterfaceOrientationLandscapeLeft UIInterfaceOrientationLandscapeRight";
				INFOPLIST_KEY_UISupportedInterfaceOrientations_iPhone = "UIInterfaceOrientationPortrait UIInterfaceOrientationLandscapeLeft UIInterfaceOrientationLandscapeRight";
				LD_RUNPATH_SEARCH_PATHS = (
					"$(inherited)",
					"@executable_path/Frameworks",
				);
				MARKETING_VERSION = 1.0;
				PRODUCT_BUNDLE_IDENTIFIER = "com.allymationes.Hotel-Izmir";
				PRODUCT_NAME = "$(TARGET_NAME)";
				SWIFT_EMIT_LOC_STRINGS = YES;
				SWIFT_VERSION = 5.0;
				TARGETED_DEVICE_FAMILY = "1,2";
			};
			name = Release;
		};
/* End XCBuildConfiguration section */

/* Begin XCConfigurationList section */
		7B04C83429B90DE70037361F /* Build configuration list for PBXProject "Hotel-Izmir" */ = {
			isa = XCConfigurationList;
			buildConfigurations = (
				7B04C84B29B90DE90037361F /* Debug */,
				7B04C84C29B90DE90037361F /* Release */,
			);
			defaultConfigurationIsVisible = 0;
			defaultConfigurationName = Release;
		};
		7B04C84D29B90DE90037361F /* Build configuration list for PBXNativeTarget "Hotel-Izmir" */ = {
			isa = XCConfigurationList;
			buildConfigurations = (
				7B04C84E29B90DE90037361F /* Debug */,
				7B04C84F29B90DE90037361F /* Release */,
			);
			defaultConfigurationIsVisible = 0;
			defaultConfigurationName = Release;
		};
/* End XCConfigurationList section */
	};
	rootObject = 7B04C83129B90DE70037361F /* Project object */;
}
